{
  "name": "yandex",
  "version": "1.0.0",
  "lockfileVersion": 3,
  "requires": true,
  "packages": {
    "": {
      "name": "yandex",
      "version": "1.0.0",
      "license": "ISC",
      "dependencies": {
        "playwright": "^1.31.2"
      },
      "devDependencies": {
        "@playwright/test": "^1.31.2",
        "@types/pixelmatch": "^5.2.4",
        "pixelmatch": "^5.3.0",
        "pngjs": "^7.0.0"
      }
    },
    "node_modules/@playwright/test": {
      "version": "1.31.2",
      "resolved": "https://registry.npmjs.org/@playwright/test/-/test-1.31.2.tgz",
      "integrity": "sha512-BYVutxDI4JeZKV1+ups6dt5WiqKhjBtIYowyZIJ3kBDmJgsuPKsqqKNIMFbUePLSCmp2cZu+BDL427RcNKTRYw==",
      "dev": true,
      "dependencies": {
        "@types/node": "*",
        "playwright-core": "1.31.2"
      },
      "bin": {
        "playwright": "cli.js"
      },
      "engines": {
        "node": ">=14"
      },
      "optionalDependencies": {
        "fsevents": "2.3.2"
      }
    },
    "node_modules/@types/node": {
      "version": "18.15.3",
      "resolved": "https://registry.npmjs.org/@types/node/-/node-18.15.3.tgz",
      "integrity": "sha512-p6ua9zBxz5otCmbpb5D3U4B5Nanw6Pk3PPyX05xnxbB/fRv71N7CPmORg7uAD5P70T0xmx1pzAx/FUfa5X+3cw==",
      "dev": true
    },
    "node_modules/@types/pixelmatch": {
      "version": "5.2.4",
      "resolved": "https://registry.npmjs.org/@types/pixelmatch/-/pixelmatch-5.2.4.tgz",
      "integrity": "sha512-HDaSHIAv9kwpMN7zlmwfTv6gax0PiporJOipcrGsVNF3Ba+kryOZc0Pio5pn6NhisgWr7TaajlPEKTbTAypIBQ==",
      "dev": true,
      "dependencies": {
        "@types/node": "*"
      }
    },
    "node_modules/fsevents": {
      "version": "2.3.2",
      "resolved": "https://registry.npmjs.org/fsevents/-/fsevents-2.3.2.tgz",
      "integrity": "sha512-xiqMQR4xAeHTuB9uWm+fFRcIOgKBMiOBP+eXiyT7jsgVCq1bkVygt00oASowB7EdtpOHaaPgKt812P9ab+DDKA==",
      "dev": true,
      "hasInstallScript": true,
      "optional": true,
      "os": [
        "darwin"
      ],
      "engines": {
        "node": "^8.16.0 || ^10.6.0 || >=11.0.0"
      }
    },
    "node_modules/pixelmatch": {
      "version": "5.3.0",
      "resolved": "https://registry.npmjs.org/pixelmatch/-/pixelmatch-5.3.0.tgz",
      "integrity": "sha512-o8mkY4E/+LNUf6LzX96ht6k6CEDi65k9G2rjMtBe9Oo+VPKSvl+0GKHuH/AlG+GA5LPG/i5hrekkxUc3s2HU+Q==",
      "dev": true,
      "dependencies": {
        "pngjs": "^6.0.0"
      },
      "bin": {
        "pixelmatch": "bin/pixelmatch"
      }
    },
    "node_modules/pixelmatch/node_modules/pngjs": {
      "version": "6.0.0",
      "resolved": "https://registry.npmjs.org/pngjs/-/pngjs-6.0.0.tgz",
      "integrity": "sha512-TRzzuFRRmEoSW/p1KVAmiOgPco2Irlah+bGFCeNfJXxxYGwSw7YwAOAcd7X28K/m5bjBWKsC29KyoMfHbypayg==",
      "dev": true,
      "engines": {
        "node": ">=12.13.0"
      }
    },
    "node_modules/playwright": {
      "version": "1.31.2",
      "resolved": "https://registry.npmjs.org/playwright/-/playwright-1.31.2.tgz",
      "integrity": "sha512-jpC47n2PKQNtzB7clmBuWh6ftBRS/Bt5EGLigJ9k2QAKcNeYXZkEaDH5gmvb6+AbcE0DO6GnXdbl9ogG6Eh+og==",
      "hasInstallScript": true,
      "dependencies": {
        "playwright-core": "1.31.2"
      },
      "bin": {
        "playwright": "cli.js"
      },
      "engines": {
        "node": ">=14"
      }
    },
    "node_modules/playwright-core": {
      "version": "1.31.2",
      "resolved": "https://registry.npmjs.org/playwright-core/-/playwright-core-1.31.2.tgz",
      "integrity": "sha512-a1dFgCNQw4vCsG7bnojZjDnPewZcw7tZUNFN0ZkcLYKj+mPmXvg4MpaaKZ5SgqPsOmqIf2YsVRkgqiRDxD+fDQ==",
      "bin": {
        "playwright": "cli.js"
      },
      "engines": {
        "node": ">=14"
      }
    },
    "node_modules/pngjs": {
      "version": "7.0.0",
      "resolved": "https://registry.npmjs.org/pngjs/-/pngjs-7.0.0.tgz",
      "integrity": "sha512-LKWqWJRhstyYo9pGvgor/ivk2w94eSjE3RGVuzLGlr3NmD8bf7RcYGze1mNdEHRP6TRP6rMuDHk5t44hnTRyow==",
      "dev": true,
      "engines": {
        "node": ">=14.19.0"
      }
    }
  }
}
